// !$*UTF8*$!
{
	archiveVersion = 1;
	classes = {
	};
	objectVersion = 46;
	objects = {

/* Begin PBXBuildFile section */
		8A01A61E1B48F1850010F111 /* AppDelegate.m in Sources */ = {isa = PBXBuildFile; fileRef = 8A01A61D1B48F1850010F111 /* AppDelegate.m */; };
		8A01A6201B48F1850010F111 /* main.m in Sources */ = {isa = PBXBuildFile; fileRef = 8A01A61F1B48F1850010F111 /* main.m */; };
		8A01A6231B48F1850010F111 /* ViewController.m in Sources */ = {isa = PBXBuildFile; fileRef = 8A01A6221B48F1850010F111 /* ViewController.m */; };
		8A01A6251B48F1850010F111 /* Images.xcassets in Resources */ = {isa = PBXBuildFile; fileRef = 8A01A6241B48F1850010F111 /* Images.xcassets */; };
		8A01A6281B48F1850010F111 /* Main.storyboard in Resources */ = {isa = PBXBuildFile; fileRef = 8A01A6261B48F1850010F111 /* Main.storyboard */; };
		8A01A6341B48F1850010F111 /* iDowngradeTests.m in Sources */ = {isa = PBXBuildFile; fileRef = 8A01A6331B48F1850010F111 /* iDowngradeTests.m */; };
		8A01A63E1B48F1D70010F111 /* Sparkle.framework in Frameworks */ = {isa = PBXBuildFile; fileRef = 8A01A63D1B48F1D70010F111 /* Sparkle.framework */; };
		8A01A6401B48F1FA0010F111 /* Sparkle.framework in CopyFiles */ = {isa = PBXBuildFile; fileRef = 8A01A63D1B48F1D70010F111 /* Sparkle.framework */; settings = {ATTRIBUTES = (CodeSignOnCopy, RemoveHeadersOnCopy, ); }; };
		8A01A6611B48FBA50010F111 /* FirmwareBundles in Resources */ = {isa = PBXBuildFile; fileRef = 8A01A6581B48FBA50010F111 /* FirmwareBundles */; };
		8A01A6621B48FBA50010F111 /* idevicerestore in Resources */ = {isa = PBXBuildFile; fileRef = 8A01A6591B48FBA50010F111 /* idevicerestore */; };
		8A01A6631B48FBA50010F111 /* ipsw in Resources */ = {isa = PBXBuildFile; fileRef = 8A01A65A1B48FBA50010F111 /* ipsw */; };
		8A01A6641B48FBA50010F111 /* irecovery in Resources */ = {isa = PBXBuildFile; fileRef = 8A01A65B1B48FBA50010F111 /* irecovery */; };
		8A01A6651B48FBA50010F111 /* shsh in Resources */ = {isa = PBXBuildFile; fileRef = 8A01A65C1B48FBA50010F111 /* shsh */; };
		8A01A6661B48FBA50010F111 /* sshtool in Resources */ = {isa = PBXBuildFile; fileRef = 8A01A65D1B48FBA50010F111 /* sshtool */; };
		8A01A6671B48FBA50010F111 /* ticket in Resources */ = {isa = PBXBuildFile; fileRef = 8A01A65E1B48FBA50010F111 /* ticket */; };
		8A01A6681B48FBA50010F111 /* validate in Resources */ = {isa = PBXBuildFile; fileRef = 8A01A65F1B48FBA50010F111 /* validate */; };
		8A01A6691B48FBA50010F111 /* xpwntool in Resources */ = {isa = PBXBuildFile; fileRef = 8A01A6601B48FBA50010F111 /* xpwntool */; };
		8A01A66B1B4910BF0010F111 /* movebss.sh in Resources */ = {isa = PBXBuildFile; fileRef = 8A01A66A1B4910BF0010F111 /* movebss.sh */; };
/* End PBXBuildFile section */

/* Begin PBXContainerItemProxy section */
		8A01A62E1B48F1850010F111 /* PBXContainerItemProxy */ = {
			isa = PBXContainerItemProxy;
			containerPortal = 8A01A60F1B48F1850010F111 /* Project object */;
			proxyType = 1;
			remoteGlobalIDString = 8A01A6161B48F1850010F111;
			remoteInfo = iDowngrade;
		};
/* End PBXContainerItemProxy section */

/* Begin PBXCopyFilesBuildPhase section */
		8A01A63F1B48F1F70010F111 /* CopyFiles */ = {
			isa = PBXCopyFilesBuildPhase;
			buildActionMask = 2147483647;
			dstPath = "";
			dstSubfolderSpec = 10;
			files = (
				8A01A6401B48F1FA0010F111 /* Sparkle.framework in CopyFiles */,
			);
			runOnlyForDeploymentPostprocessing = 0;
		};
/* End PBXCopyFilesBuildPhase section */

/* Begin PBXFileReference section */
		8A01A6171B48F1850010F111 /* iDowngrade.app */ = {isa = PBXFileReference; explicitFileType = wrapper.application; includeInIndex = 0; path = iDowngrade.app; sourceTree = BUILT_PRODUCTS_DIR; };
		8A01A61B1B48F1850010F111 /* Info.plist */ = {isa = PBXFileReference; lastKnownFileType = text.plist.xml; path = Info.plist; sourceTree = "<group>"; };
		8A01A61C1B48F1850010F111 /* AppDelegate.h */ = {isa = PBXFileReference; lastKnownFileType = sourcecode.c.h; path = AppDelegate.h; sourceTree = "<group>"; };
		8A01A61D1B48F1850010F111 /* AppDelegate.m */ = {isa = PBXFileReference; lastKnownFileType = sourcecode.c.objc; path = AppDelegate.m; sourceTree = "<group>"; };
		8A01A61F1B48F1850010F111 /* main.m */ = {isa = PBXFileReference; lastKnownFileType = sourcecode.c.objc; path = main.m; sourceTree = "<group>"; };
		8A01A6211B48F1850010F111 /* ViewController.h */ = {isa = PBXFileReference; lastKnownFileType = sourcecode.c.h; path = ViewController.h; sourceTree = "<group>"; };
		8A01A6221B48F1850010F111 /* ViewController.m */ = {isa = PBXFileReference; lastKnownFileType = sourcecode.c.objc; path = ViewController.m; sourceTree = "<group>"; };
		8A01A6241B48F1850010F111 /* Images.xcassets */ = {isa = PBXFileReference; lastKnownFileType = folder.assetcatalog; path = Images.xcassets; sourceTree = "<group>"; };
		8A01A6271B48F1850010F111 /* Base */ = {isa = PBXFileReference; lastKnownFileType = file.storyboard; name = Base; path = Base.lproj/Main.storyboard; sourceTree = "<group>"; };
		8A01A62D1B48F1850010F111 /* iDowngradeTests.xctest */ = {isa = PBXFileReference; explicitFileType = wrapper.cfbundle; includeInIndex = 0; path = iDowngradeTests.xctest; sourceTree = BUILT_PRODUCTS_DIR; };
		8A01A6321B48F1850010F111 /* Info.plist */ = {isa = PBXFileReference; lastKnownFileType = text.plist.xml; path = Info.plist; sourceTree = "<group>"; };
		8A01A6331B48F1850010F111 /* iDowngradeTests.m */ = {isa = PBXFileReference; lastKnownFileType = sourcecode.c.objc; path = iDowngradeTests.m; sourceTree = "<group>"; };
		8A01A63D1B48F1D70010F111 /* Sparkle.framework */ = {isa = PBXFileReference; lastKnownFileType = wrapper.framework; path = Sparkle.framework; sourceTree = "<group>"; };
		8A01A6581B48FBA50010F111 /* FirmwareBundles */ = {isa = PBXFileReference; lastKnownFileType = folder; path = FirmwareBundles; sourceTree = "<group>"; };
		8A01A6591B48FBA50010F111 /* idevicerestore */ = {isa = PBXFileReference; lastKnownFileType = "compiled.mach-o.executable"; path = idevicerestore; sourceTree = "<group>"; };
		8A01A65A1B48FBA50010F111 /* ipsw */ = {isa = PBXFileReference; lastKnownFileType = "compiled.mach-o.executable"; path = ipsw; sourceTree = "<group>"; };
		8A01A65B1B48FBA50010F111 /* irecovery */ = {isa = PBXFileReference; lastKnownFileType = "compiled.mach-o.executable"; path = irecovery; sourceTree = "<group>"; };
		8A01A65C1B48FBA50010F111 /* shsh */ = {isa = PBXFileReference; lastKnownFileType = folder; path = shsh; sourceTree = "<group>"; };
		8A01A65D1B48FBA50010F111 /* sshtool */ = {isa = PBXFileReference; lastKnownFileType = "compiled.mach-o.executable"; path = sshtool; sourceTree = "<group>"; };
		8A01A65E1B48FBA50010F111 /* ticket */ = {isa = PBXFileReference; lastKnownFileType = "compiled.mach-o.executable"; path = ticket; sourceTree = "<group>"; };
		8A01A65F1B48FBA50010F111 /* validate */ = {isa = PBXFileReference; lastKnownFileType = "compiled.mach-o.executable"; path = validate; sourceTree = "<group>"; };
		8A01A6601B48FBA50010F111 /* xpwntool */ = {isa = PBXFileReference; lastKnownFileType = "compiled.mach-o.executable"; path = xpwntool; sourceTree = "<group>"; };
		8A01A66A1B4910BF0010F111 /* movebss.sh */ = {isa = PBXFileReference; fileEncoding = 4; lastKnownFileType = text.script.sh; path = movebss.sh; sourceTree = "<group>"; };
/* End PBXFileReference section */

/* Begin PBXFrameworksBuildPhase section */
		8A01A6141B48F1850010F111 /* Frameworks */ = {
			isa = PBXFrameworksBuildPhase;
			buildActionMask = 2147483647;
			files = (
				8A01A63E1B48F1D70010F111 /* Sparkle.framework in Frameworks */,
			);
			runOnlyForDeploymentPostprocessing = 0;
		};
		8A01A62A1B48F1850010F111 /* Frameworks */ = {
			isa = PBXFrameworksBuildPhase;
			buildActionMask = 2147483647;
			files = (
			);
			runOnlyForDeploymentPostprocessing = 0;
		};
/* End PBXFrameworksBuildPhase section */

/* Begin PBXGroup section */
		8A01A60E1B48F1850010F111 = {
			isa = PBXGroup;
			children = (
				8A01A6191B48F1850010F111 /* iDowngrade */,
				8A01A6301B48F1850010F111 /* iDowngradeTests */,
				8A01A6181B48F1850010F111 /* Products */,
			);
			sourceTree = "<group>";
		};
		8A01A6181B48F1850010F111 /* Products */ = {
			isa = PBXGroup;
			children = (
				8A01A6171B48F1850010F111 /* iDowngrade.app */,
				8A01A62D1B48F1850010F111 /* iDowngradeTests.xctest */,
			);
			name = Products;
			sourceTree = "<group>";
		};
		8A01A6191B48F1850010F111 /* iDowngrade */ = {
			isa = PBXGroup;
			children = (
				8A01A6431B48F4F70010F111 /* pwn-stuff */,
				8A01A61C1B48F1850010F111 /* AppDelegate.h */,
				8A01A61D1B48F1850010F111 /* AppDelegate.m */,
				8A01A6211B48F1850010F111 /* ViewController.h */,
				8A01A6221B48F1850010F111 /* ViewController.m */,
				8A01A6241B48F1850010F111 /* Images.xcassets */,
				8A01A6261B48F1850010F111 /* Main.storyboard */,
				8A01A61A1B48F1850010F111 /* Supporting Files */,
			);
			path = iDowngrade;
			sourceTree = "<group>";
		};
		8A01A61A1B48F1850010F111 /* Supporting Files */ = {
			isa = PBXGroup;
			children = (
				8A01A63D1B48F1D70010F111 /* Sparkle.framework */,
				8A01A61B1B48F1850010F111 /* Info.plist */,
				8A01A61F1B48F1850010F111 /* main.m */,
			);
			name = "Supporting Files";
			sourceTree = "<group>";
		};
		8A01A6301B48F1850010F111 /* iDowngradeTests */ = {
			isa = PBXGroup;
			children = (
				8A01A6331B48F1850010F111 /* iDowngradeTests.m */,
				8A01A6311B48F1850010F111 /* Supporting Files */,
			);
			path = iDowngradeTests;
			sourceTree = "<group>";
		};
		8A01A6311B48F1850010F111 /* Supporting Files */ = {
			isa = PBXGroup;
			children = (
				8A01A6321B48F1850010F111 /* Info.plist */,
			);
			name = "Supporting Files";
			sourceTree = "<group>";
		};
		8A01A6431B48F4F70010F111 /* pwn-stuff */ = {
			isa = PBXGroup;
			children = (
				8A01A66A1B4910BF0010F111 /* movebss.sh */,
				8A01A6581B48FBA50010F111 /* FirmwareBundles */,
				8A01A6591B48FBA50010F111 /* idevicerestore */,
				8A01A65A1B48FBA50010F111 /* ipsw */,
				8A01A65B1B48FBA50010F111 /* irecovery */,
				8A01A65C1B48FBA50010F111 /* shsh */,
				8A01A65D1B48FBA50010F111 /* sshtool */,
				8A01A65E1B48FBA50010F111 /* ticket */,
				8A01A65F1B48FBA50010F111 /* validate */,
				8A01A6601B48FBA50010F111 /* xpwntool */,
			);
			name = "pwn-stuff";
			sourceTree = "<group>";
		};
/* End PBXGroup section */

/* Begin PBXNativeTarget section */
		8A01A6161B48F1850010F111 /* iDowngrade */ = {
			isa = PBXNativeTarget;
			buildConfigurationList = 8A01A6371B48F1850010F111 /* Build configuration list for PBXNativeTarget "iDowngrade" */;
			buildPhases = (
				8A01A6131B48F1850010F111 /* Sources */,
				8A01A6141B48F1850010F111 /* Frameworks */,
				8A01A6151B48F1850010F111 /* Resources */,
				8A01A63F1B48F1F70010F111 /* CopyFiles */,
			);
			buildRules = (
			);
			dependencies = (
			);
			name = iDowngrade;
			productName = iDowngrade;
			productReference = 8A01A6171B48F1850010F111 /* iDowngrade.app */;
			productType = "com.apple.product-type.application";
		};
		8A01A62C1B48F1850010F111 /* iDowngradeTests */ = {
			isa = PBXNativeTarget;
			buildConfigurationList = 8A01A63A1B48F1850010F111 /* Build configuration list for PBXNativeTarget "iDowngradeTests" */;
			buildPhases = (
				8A01A6291B48F1850010F111 /* Sources */,
				8A01A62A1B48F1850010F111 /* Frameworks */,
				8A01A62B1B48F1850010F111 /* Resources */,
			);
			buildRules = (
			);
			dependencies = (
				8A01A62F1B48F1850010F111 /* PBXTargetDependency */,
			);
			name = iDowngradeTests;
			productName = iDowngradeTests;
			productReference = 8A01A62D1B48F1850010F111 /* iDowngradeTests.xctest */;
			productType = "com.apple.product-type.bundle.unit-test";
		};
/* End PBXNativeTarget section */

/* Begin PBXProject section */
		8A01A60F1B48F1850010F111 /* Project object */ = {
			isa = PBXProject;
			attributes = {
				LastUpgradeCheck = 0640;
				ORGANIZATIONNAME = "Keaton Burleson";
				TargetAttributes = {
					8A01A6161B48F1850010F111 = {
						CreatedOnToolsVersion = 6.4;
					};
					8A01A62C1B48F1850010F111 = {
						CreatedOnToolsVersion = 6.4;
						TestTargetID = 8A01A6161B48F1850010F111;
					};
				};
			};
			buildConfigurationList = 8A01A6121B48F1850010F111 /* Build configuration list for PBXProject "iDowngrade" */;
			compatibilityVersion = "Xcode 3.2";
			developmentRegion = English;
			hasScannedForEncodings = 0;
			knownRegions = (
				en,
				Base,
			);
			mainGroup = 8A01A60E1B48F1850010F111;
			productRefGroup = 8A01A6181B48F1850010F111 /* Products */;
			projectDirPath = "";
			projectRoot = "";
			targets = (
				8A01A6161B48F1850010F111 /* iDowngrade */,
				8A01A62C1B48F1850010F111 /* iDowngradeTests */,
			);
		};
/* End PBXProject section */

/* Begin PBXResourcesBuildPhase section */
		8A01A6151B48F1850010F111 /* Resources */ = {
			isa = PBXResourcesBuildPhase;
			buildActionMask = 2147483647;
			files = (
				8A01A6681B48FBA50010F111 /* validate in Resources */,
				8A01A6251B48F1850010F111 /* Images.xcassets in Resources */,
				8A01A6281B48F1850010F111 /* Main.storyboard in Resources */,
				8A01A6611B48FBA50010F111 /* FirmwareBundles in Resources */,
				8A01A6671B48FBA50010F111 /* ticket in Resources */,
				8A01A6661B48FBA50010F111 /* sshtool in Resources */,
				8A01A66B1B4910BF0010F111 /* movebss.sh in Resources */,
				8A01A6621B48FBA50010F111 /* idevicerestore in Resources */,
				8A01A6651B48FBA50010F111 /* shsh in Resources */,
				8A01A6691B48FBA50010F111 /* xpwntool in Resources */,
				8A01A6631B48FBA50010F111 /* ipsw in Resources */,
				8A01A6641B48FBA50010F111 /* irecovery in Resources */,
			);
			runOnlyForDeploymentPostprocessing = 0;
		};
		8A01A62B1B48F1850010F111 /* Resources */ = {
			isa = PBXResourcesBuildPhase;
			buildActionMask = 2147483647;
			files = (
			);
			runOnlyForDeploymentPostprocessing = 0;
		};
/* End PBXResourcesBuildPhase section */

/* Begin PBXSourcesBuildPhase section */
		8A01A6131B48F1850010F111 /* Sources */ = {
			isa = PBXSourcesBuildPhase;
			buildActionMask = 2147483647;
			files = (
				8A01A6231B48F1850010F111 /* ViewController.m in Sources */,
				8A01A6201B48F1850010F111 /* main.m in Sources */,
				8A01A61E1B48F1850010F111 /* AppDelegate.m in Sources */,
			);
			runOnlyForDeploymentPostprocessing = 0;
		};
		8A01A6291B48F1850010F111 /* Sources */ = {
			isa = PBXSourcesBuildPhase;
			buildActionMask = 2147483647;
			files = (
				8A01A6341B48F1850010F111 /* iDowngradeTests.m in Sources */,
			);
			runOnlyForDeploymentPostprocessing = 0;
		};
/* End PBXSourcesBuildPhase section */

/* Begin PBXTargetDependency section */
		8A01A62F1B48F1850010F111 /* PBXTargetDependency */ = {
			isa = PBXTargetDependency;
			target = 8A01A6161B48F1850010F111 /* iDowngrade */;
			targetProxy = 8A01A62E1B48F1850010F111 /* PBXContainerItemProxy */;
		};
/* End PBXTargetDependency section */

/* Begin PBXVariantGroup section */
		8A01A6261B48F1850010F111 /* Main.storyboard */ = {
			isa = PBXVariantGroup;
			children = (
				8A01A6271B48F1850010F111 /* Base */,
			);
			name = Main.storyboard;
			sourceTree = "<group>";
		};
/* End PBXVariantGroup section */

/* Begin XCBuildConfiguration section */
		8A01A6351B48F1850010F111 /* Debug */ = {
			isa = XCBuildConfiguration;
			buildSettings = {
				ALWAYS_SEARCH_USER_PATHS = NO;
				CLANG_CXX_LANGUAGE_STANDARD = "gnu++0x";
				CLANG_CXX_LIBRARY = "libc++";
				CLANG_ENABLE_MODULES = YES;
				CLANG_ENABLE_OBJC_ARC = YES;
				CLANG_WARN_BOOL_CONVERSION = YES;
				CLANG_WARN_CONSTANT_CONVERSION = YES;
				CLANG_WARN_DIRECT_OBJC_ISA_USAGE = YES_ERROR;
				CLANG_WARN_EMPTY_BODY = YES;
				CLANG_WARN_ENUM_CONVERSION = YES;
				CLANG_WARN_INT_CONVERSION = YES;
				CLANG_WARN_OBJC_ROOT_CLASS = YES_ERROR;
				CLANG_WARN_UNREACHABLE_CODE = YES;
				CLANG_WARN__DUPLICATE_METHOD_MATCH = YES;
				CODE_SIGN_IDENTITY = "-";
				COPY_PHASE_STRIP = NO;
				DEBUG_INFORMATION_FORMAT = dwarf;
				ENABLE_STRICT_OBJC_MSGSEND = YES;
				GCC_C_LANGUAGE_STANDARD = gnu99;
				GCC_DYNAMIC_NO_PIC = NO;
				GCC_NO_COMMON_BLOCKS = YES;
				GCC_OPTIMIZATION_LEVEL = 0;
				GCC_PREPROCESSOR_DEFINITIONS = (
					"DEBUG=1",
					"$(inherited)",
				);
				GCC_SYMBOLS_PRIVATE_EXTERN = NO;
				GCC_WARN_64_TO_32_BIT_CONVERSION = YES;
				GCC_WARN_ABOUT_RETURN_TYPE = YES_ERROR;
				GCC_WARN_UNDECLARED_SELECTOR = YES;
				GCC_WARN_UNINITIALIZED_AUTOS = YES_AGGRESSIVE;
				GCC_WARN_UNUSED_FUNCTION = YES;
				GCC_WARN_UNUSED_VARIABLE = YES;
				MACOSX_DEPLOYMENT_TARGET = 10.10;
				MTL_ENABLE_DEBUG_INFO = YES;
				ONLY_ACTIVE_ARCH = YES;
				SDKROOT = macosx;
			};
			name = Debug;
		};
		8A01A6361B48F1850010F111 /* Release */ = {
			isa = XCBuildConfiguration;
			buildSettings = {
				ALWAYS_SEARCH_USER_PATHS = NO;
				CLANG_CXX_LANGUAGE_STANDARD = "gnu++0x";
				CLANG_CXX_LIBRARY = "libc++";
				CLANG_ENABLE_MODULES = YES;
				CLANG_ENABLE_OBJC_ARC = YES;
				CLANG_WARN_BOOL_CONVERSION = YES;
				CLANG_WARN_CONSTANT_CONVERSION = YES;
				CLANG_WARN_DIRECT_OBJC_ISA_USAGE = YES_ERROR;
				CLANG_WARN_EMPTY_BODY = YES;
				CLANG_WARN_ENUM_CONVERSION = YES;
				CLANG_WARN_INT_CONVERSION = YES;
				CLANG_WARN_OBJC_ROOT_CLASS = YES_ERROR;
				CLANG_WARN_UNREACHABLE_CODE = YES;
				CLANG_WARN__DUPLICATE_METHOD_MATCH = YES;
				CODE_SIGN_IDENTITY = "-";
				COPY_PHASE_STRIP = NO;
				DEBUG_INFORMATION_FORMAT = "dwarf-with-dsym";
				ENABLE_NS_ASSERTIONS = NO;
				ENABLE_STRICT_OBJC_MSGSEND = YES;
				GCC_C_LANGUAGE_STANDARD = gnu99;
				GCC_NO_COMMON_BLOCKS = YES;
				GCC_WARN_64_TO_32_BIT_CONVERSION = YES;
				GCC_WARN_ABOUT_RETURN_TYPE = YES_ERROR;
				GCC_WARN_UNDECLARED_SELECTOR = YES;
				GCC_WARN_UNINITIALIZED_AUTOS = YES_AGGRESSIVE;
				GCC_WARN_UNUSED_FUNCTION = YES;
				GCC_WARN_UNUSED_VARIABLE = YES;
				MACOSX_DEPLOYMENT_TARGET = 10.10;
				MTL_ENABLE_DEBUG_INFO = NO;
				SDKROOT = macosx;
			};
			name = Release;
		};
		8A01A6381B48F1850010F111 /* Debug */ = {
			isa = XCBuildConfiguration;
			buildSettings = {
				ASSETCATALOG_COMPILER_APPICON_NAME = AppIcon;
				COMBINE_HIDPI_IMAGES = YES;
				FRAMEWORK_SEARCH_PATHS = (
					"$(inherited)",
					"$(PROJECT_DIR)/iDowngrade",
				);
				INFOPLIST_FILE = iDowngrade/Info.plist;
				LD_RUNPATH_SEARCH_PATHS = "$(inherited) @executable_path/../Frameworks";
				OTHER_LDFLAGS = "-Wl,-rpath,@loader_path/../Frameworks";
				PRODUCT_NAME = "$(TARGET_NAME)";
				a = "";
			};
			name = Debug;
		};
		8A01A6391B48F1850010F111 /* Release */ = {
			isa = XCBuildConfiguration;
			buildSettings = {
				ASSETCATALOG_COMPILER_APPICON_NAME = AppIcon;
				COMBINE_HIDPI_IMAGES = YES;
				FRAMEWORK_SEARCH_PATHS = (
					"$(inherited)",
					"$(PROJECT_DIR)/iDowngrade",
				);
				INFOPLIST_FILE = iDowngrade/Info.plist;
				LD_RUNPATH_SEARCH_PATHS = "$(inherited) @executable_path/../Frameworks";
				OTHER_LDFLAGS = "-Wl,-rpath,@loader_path/../Frameworks";
				PRODUCT_NAME = "$(TARGET_NAME)";
				a = "";
			};
			name = Release;
		};
		8A01A63B1B48F1850010F111 /* Debug */ = {
			isa = XCBuildConfiguration;
			buildSettings = {
				BUNDLE_LOADER = "$(TEST_HOST)";
				COMBINE_HIDPI_IMAGES = YES;
				FRAMEWORK_SEARCH_PATHS = (
					"$(DEVELOPER_FRAMEWORKS_DIR)",
					"$(inherited)",
				);
				GCC_PREPROCESSOR_DEFINITIONS = (
					"DEBUG=1",
					"$(inherited)",
				);
				INFOPLIST_FILE = iDowngradeTests/Info.plist;
				LD_RUNPATH_SEARCH_PATHS = "$(inherited) @executable_path/../Frameworks @loader_path/../Frameworks";
				PRODUCT_NAME = "$(TARGET_NAME)";
				TEST_HOST = "$(BUILT_PRODUCTS_DIR)/iDowngrade.app/Contents/MacOS/iDowngrade";
			};
			name = Debug;
		};
		8A01A63C1B48F1850010F111 /* Release */ = {
			isa = XCBuildConfiguration;
			buildSettings = {
				BUNDLE_LOADER = "$(TEST_HOST)";
				COMBINE_HIDPI_IMAGES = YES;
				FRAMEWORK_SEARCH_PATHS = (
					"$(DEVELOPER_FRAMEWORKS_DIR)",
					"$(inherited)",
				);
				INFOPLIST_FILE = iDowngradeTests/Info.plist;
				LD_RUNPATH_SEARCH_PATHS = "$(inherited) @executable_path/../Frameworks @loader_path/../Frameworks";
				PRODUCT_NAME = "$(TARGET_NAME)";
				TEST_HOST = "$(BUILT_PRODUCTS_DIR)/iDowngrade.app/Contents/MacOS/iDowngrade";
			};
			name = Release;
		};
/* End XCBuildConfiguration section */

/* Begin XCConfigurationList section */
		8A01A6121B48F1850010F111 /* Build configuration list for PBXProject "iDowngrade" */ = {
			isa = XCConfigurationList;
			buildConfigurations = (
				8A01A6351B48F1850010F111 /* Debug */,
				8A01A6361B48F1850010F111 /* Release */,
			);
			defaultConfigurationIsVisible = 0;
			defaultConfigurationName = Release;
		};
		8A01A6371B48F1850010F111 /* Build configuration list for PBXNativeTarget "iDowngrade" */ = {
			isa = XCConfigurationList;
			buildConfigurations = (
				8A01A6381B48F1850010F111 /* Debug */,
				8A01A6391B48F1850010F111 /* Release */,
			);
			defaultConfigurationIsVisible = 0;
		};
		8A01A63A1B48F1850010F111 /* Build configuration list for PBXNativeTarget "iDowngradeTests" */ = {
			isa = XCConfigurationList;
			buildConfigurations = (
				8A01A63B1B48F1850010F111 /* Debug */,
				8A01A63C1B48F1850010F111 /* Release */,
			);
			defaultConfigurationIsVisible = 0;
		};
/* End XCConfigurationList section */
	};
	rootObject = 8A01A60F1B48F1850010F111 /* Project object */;
}
